
Microsoft Visual Studio Solution File, Format Version 12.00
# Visual Studio Version 17
VisualStudioVersion = 17.0.31903.59
MinimumVisualStudioVersion = 10.0.40219.1
Project("{2150E333-8FDC-42A3-9474-1A3956D46DE8}") = "src", "src", "{E90FA5B7-25B9-4E04-9888-C05C1ED2A00B}"
EndProject
Project("{FAE04EC0-301F-11D3-BF4B-00C04F79EFBC}") = "Curso.ComercioElectronico.Application", "src\Curso.ComercioElectronico.Application\Curso.ComercioElectronico.Application.csproj", "{7F3FDE45-1338-48A9-87EE-9760F890BBDF}"
EndProject
Project("{FAE04EC0-301F-11D3-BF4B-00C04F79EFBC}") = "Curso.ComercioElectronico.Domain", "src\Curso.ComercioElectronico.Domain\Curso.ComercioElectronico.Domain.csproj", "{D8D2D04E-A68B-4309-AE7F-04A67A72B9F9}"
EndProject
Project("{FAE04EC0-301F-11D3-BF4B-00C04F79EFBC}") = "Curso.ComercioElectronico.Infraestructure", "src\Curso.ComercioElectronico.Infraestructure\Curso.ComercioElectronico.Infraestructure.csproj", "{7BFB2706-04A0-42E2-9C49-9B7F6E8D312A}"
EndProject
Project("{FAE04EC0-301F-11D3-BF4B-00C04F79EFBC}") = "Curso.ComercioElectronico.HttpApi", "src\Curso.ComercioElectronico.HttpApi\Curso.ComercioElectronico.HttpApi.csproj", "{CC90558A-866F-450A-A254-00CBA0161EC4}"
EndProject
Global
	GlobalSection(SolutionConfigurationPlatforms) = preSolution
		Debug|Any CPU = Debug|Any CPU
		Release|Any CPU = Release|Any CPU
	EndGlobalSection
	GlobalSection(SolutionProperties) = preSolution
		HideSolutionNode = FALSE
	EndGlobalSection
	GlobalSection(ProjectConfigurationPlatforms) = postSolution
		{7F3FDE45-1338-48A9-87EE-9760F890BBDF}.Debug|Any CPU.ActiveCfg = Debug|Any CPU
		{7F3FDE45-1338-48A9-87EE-9760F890BBDF}.Debug|Any CPU.Build.0 = Debug|Any CPU
		{7F3FDE45-1338-48A9-87EE-9760F890BBDF}.Release|Any CPU.ActiveCfg = Release|Any CPU
		{7F3FDE45-1338-48A9-87EE-9760F890BBDF}.Release|Any CPU.Build.0 = Release|Any CPU
		{D8D2D04E-A68B-4309-AE7F-04A67A72B9F9}.Debug|Any CPU.ActiveCfg = Debug|Any CPU
		{D8D2D04E-A68B-4309-AE7F-04A67A72B9F9}.Debug|Any CPU.Build.0 = Debug|Any CPU
		{D8D2D04E-A68B-4309-AE7F-04A67A72B9F9}.Release|Any CPU.ActiveCfg = Release|Any CPU
		{D8D2D04E-A68B-4309-AE7F-04A67A72B9F9}.Release|Any CPU.Build.0 = Release|Any CPU
		{7BFB2706-04A0-42E2-9C49-9B7F6E8D312A}.Debug|Any CPU.ActiveCfg = Debug|Any CPU
		{7BFB2706-04A0-42E2-9C49-9B7F6E8D312A}.Debug|Any CPU.Build.0 = Debug|Any CPU
		{7BFB2706-04A0-42E2-9C49-9B7F6E8D312A}.Release|Any CPU.ActiveCfg = Release|Any CPU
		{7BFB2706-04A0-42E2-9C49-9B7F6E8D312A}.Release|Any CPU.Build.0 = Release|Any CPU
		{CC90558A-866F-450A-A254-00CBA0161EC4}.Debug|Any CPU.ActiveCfg = Debug|Any CPU
		{CC90558A-866F-450A-A254-00CBA0161EC4}.Debug|Any CPU.Build.0 = Debug|Any CPU
		{CC90558A-866F-450A-A254-00CBA0161EC4}.Release|Any CPU.ActiveCfg = Release|Any CPU
		{CC90558A-866F-450A-A254-00CBA0161EC4}.Release|Any CPU.Build.0 = Release|Any CPU
	EndGlobalSection
	GlobalSection(NestedProjects) = preSolution
		{7F3FDE45-1338-48A9-87EE-9760F890BBDF} = {E90FA5B7-25B9-4E04-9888-C05C1ED2A00B}
		{D8D2D04E-A68B-4309-AE7F-04A67A72B9F9} = {E90FA5B7-25B9-4E04-9888-C05C1ED2A00B}
		{7BFB2706-04A0-42E2-9C49-9B7F6E8D312A} = {E90FA5B7-25B9-4E04-9888-C05C1ED2A00B}
		{CC90558A-866F-450A-A254-00CBA0161EC4} = {E90FA5B7-25B9-4E04-9888-C05C1ED2A00B}
	EndGlobalSection
EndGlobal
